
Microsoft Visual Studio Solution File, Format Version 12.00
# Visual Studio Version 17
VisualStudioVersion = 17.8.34309.116
MinimumVisualStudioVersion = 10.0.40219.1
Project("{9A19103F-16F7-4668-BE54-9A1E7A4F7556}") = "ProductReviewProject.Server", "ProductReviewProject\Server\ProductReviewProject.Server.csproj", "{EC54DBB3-91E1-43BA-8281-1528D90D4D9B}"
EndProject
Project("{9A19103F-16F7-4668-BE54-9A1E7A4F7556}") = "ProductReviewProject.Client", "ProductReviewProject\Client\ProductReviewProject.Client.csproj", "{203FD989-71BB-4E1F-942A-737ADE1625B9}"
EndProject
Project("{9A19103F-16F7-4668-BE54-9A1E7A4F7556}") = "ProductReviewProject.Shared", "ProductReviewProject\Shared\ProductReviewProject.Shared.csproj", "{36D261C8-582C-4E18-B9CB-7B10070F6881}"
EndProject
Global
	GlobalSection(SolutionConfigurationPlatforms) = preSolution
		Debug|Any CPU = Debug|Any CPU
		Release|Any CPU = Release|Any CPU
	EndGlobalSection
	GlobalSection(ProjectConfigurationPlatforms) = postSolution
		{EC54DBB3-91E1-43BA-8281-1528D90D4D9B}.Debug|Any CPU.ActiveCfg = Debug|Any CPU
		{EC54DBB3-91E1-43BA-8281-1528D90D4D9B}.Debug|Any CPU.Build.0 = Debug|Any CPU
		{EC54DBB3-91E1-43BA-8281-1528D90D4D9B}.Release|Any CPU.ActiveCfg = Release|Any CPU
		{EC54DBB3-91E1-43BA-8281-1528D90D4D9B}.Release|Any CPU.Build.0 = Release|Any CPU
		{203FD989-71BB-4E1F-942A-737ADE1625B9}.Debug|Any CPU.ActiveCfg = Debug|Any CPU
		{203FD989-71BB-4E1F-942A-737ADE1625B9}.Debug|Any CPU.Build.0 = Debug|Any CPU
		{203FD989-71BB-4E1F-942A-737ADE1625B9}.Release|Any CPU.ActiveCfg = Release|Any CPU
		{203FD989-71BB-4E1F-942A-737ADE1625B9}.Release|Any CPU.Build.0 = Release|Any CPU
		{36D261C8-582C-4E18-B9CB-7B10070F6881}.Debug|Any CPU.ActiveCfg = Debug|Any CPU
		{36D261C8-582C-4E18-B9CB-7B10070F6881}.Debug|Any CPU.Build.0 = Debug|Any CPU
		{36D261C8-582C-4E18-B9CB-7B10070F6881}.Release|Any CPU.ActiveCfg = Release|Any CPU
		{36D261C8-582C-4E18-B9CB-7B10070F6881}.Release|Any CPU.Build.0 = Release|Any CPU
	EndGlobalSection
	GlobalSection(SolutionProperties) = preSolution
		HideSolutionNode = FALSE
	EndGlobalSection
	GlobalSection(ExtensibilityGlobals) = postSolution
		SolutionGuid = {E5B059E9-B320-4560-ACDD-62A8F1BDB560}
	EndGlobalSection
EndGlobal
